// !$*UTF8*$!
{
	archiveVersion = 1;
	classes = {
	};
	objectVersion = 55;
	objects = {

/* Begin PBXBuildFile section */
		08ED8A46276A69410072C7A6 /* AppDelegate.swift in Sources */ = {isa = PBXBuildFile; fileRef = 08ED8A45276A69410072C7A6 /* AppDelegate.swift */; };
		08ED8A48276A69410072C7A6 /* SceneDelegate.swift in Sources */ = {isa = PBXBuildFile; fileRef = 08ED8A47276A69410072C7A6 /* SceneDelegate.swift */; };
		08ED8A4A276A69410072C7A6 /* UniversityListViewController.swift in Sources */ = {isa = PBXBuildFile; fileRef = 08ED8A49276A69410072C7A6 /* UniversityListViewController.swift */; };
		08ED8A4D276A69410072C7A6 /* Main.storyboard in Resources */ = {isa = PBXBuildFile; fileRef = 08ED8A4B276A69410072C7A6 /* Main.storyboard */; };
		08ED8A50276A69410072C7A6 /* UKUniDomain.xcdatamodeld in Sources */ = {isa = PBXBuildFile; fileRef = 08ED8A4E276A69410072C7A6 /* UKUniDomain.xcdatamodeld */; };
		08ED8A52276A694E0072C7A6 /* Assets.xcassets in Resources */ = {isa = PBXBuildFile; fileRef = 08ED8A51276A694E0072C7A6 /* Assets.xcassets */; };
		08ED8A55276A694E0072C7A6 /* LaunchScreen.storyboard in Resources */ = {isa = PBXBuildFile; fileRef = 08ED8A53276A694E0072C7A6 /* LaunchScreen.storyboard */; };
		08ED8A60276A69500072C7A6 /* UKUniDomainTests.swift in Sources */ = {isa = PBXBuildFile; fileRef = 08ED8A5F276A69500072C7A6 /* UKUniDomainTests.swift */; };
		08ED8A6A276A69500072C7A6 /* UKUniDomainUITests.swift in Sources */ = {isa = PBXBuildFile; fileRef = 08ED8A69276A69500072C7A6 /* UKUniDomainUITests.swift */; };
		08ED8A6C276A69500072C7A6 /* UKUniDomainUITestsLaunchTests.swift in Sources */ = {isa = PBXBuildFile; fileRef = 08ED8A6B276A69500072C7A6 /* UKUniDomainUITestsLaunchTests.swift */; };
		08ED8A7A276A6ABD0072C7A6 /* NetworkManager.swift in Sources */ = {isa = PBXBuildFile; fileRef = 08ED8A79276A6ABD0072C7A6 /* NetworkManager.swift */; };
		08ED8A7D276A6BAD0072C7A6 /* Universities.swift in Sources */ = {isa = PBXBuildFile; fileRef = 08ED8A7C276A6BAD0072C7A6 /* Universities.swift */; };
		08ED8A80276B9C8C0072C7A6 /* UniversityViewModel.swift in Sources */ = {isa = PBXBuildFile; fileRef = 08ED8A7F276B9C8C0072C7A6 /* UniversityViewModel.swift */; };
		08ED8A82276BAE3B0072C7A6 /* UniversityTableViewCell.swift in Sources */ = {isa = PBXBuildFile; fileRef = 08ED8A81276BAE3B0072C7A6 /* UniversityTableViewCell.swift */; };
		08ED8A84276BE4D10072C7A6 /* UniversityDomainViewController.swift in Sources */ = {isa = PBXBuildFile; fileRef = 08ED8A83276BE4D10072C7A6 /* UniversityDomainViewController.swift */; };
		08ED8A86276BF1BE0072C7A6 /* DomainTableViewCell.swift in Sources */ = {isa = PBXBuildFile; fileRef = 08ED8A85276BF1BE0072C7A6 /* DomainTableViewCell.swift */; };
/* End PBXBuildFile section */

/* Begin PBXContainerItemProxy section */
		08ED8A5C276A69500072C7A6 /* PBXContainerItemProxy */ = {
			isa = PBXContainerItemProxy;
			containerPortal = 08ED8A3A276A69400072C7A6 /* Project object */;
			proxyType = 1;
			remoteGlobalIDString = 08ED8A41276A69400072C7A6;
			remoteInfo = UKUniDomain;
		};
		08ED8A66276A69500072C7A6 /* PBXContainerItemProxy */ = {
			isa = PBXContainerItemProxy;
			containerPortal = 08ED8A3A276A69400072C7A6 /* Project object */;
			proxyType = 1;
			remoteGlobalIDString = 08ED8A41276A69400072C7A6;
			remoteInfo = UKUniDomain;
		};
/* End PBXContainerItemProxy section */

/* Begin PBXFileReference section */
		08ED8A42276A69400072C7A6 /* UKUniDomain.app */ = {isa = PBXFileReference; explicitFileType = wrapper.application; includeInIndex = 0; path = UKUniDomain.app; sourceTree = BUILT_PRODUCTS_DIR; };
		08ED8A45276A69410072C7A6 /* AppDelegate.swift */ = {isa = PBXFileReference; lastKnownFileType = sourcecode.swift; path = AppDelegate.swift; sourceTree = "<group>"; };
		08ED8A47276A69410072C7A6 /* SceneDelegate.swift */ = {isa = PBXFileReference; lastKnownFileType = sourcecode.swift; path = SceneDelegate.swift; sourceTree = "<group>"; };
		08ED8A49276A69410072C7A6 /* UniversityListViewController.swift */ = {isa = PBXFileReference; lastKnownFileType = sourcecode.swift; path = UniversityListViewController.swift; sourceTree = "<group>"; };
		08ED8A4C276A69410072C7A6 /* Base */ = {isa = PBXFileReference; lastKnownFileType = file.storyboard; name = Base; path = Base.lproj/Main.storyboard; sourceTree = "<group>"; };
		08ED8A4F276A69410072C7A6 /* UKUniDomain.xcdatamodel */ = {isa = PBXFileReference; lastKnownFileType = wrapper.xcdatamodel; path = UKUniDomain.xcdatamodel; sourceTree = "<group>"; };
		08ED8A51276A694E0072C7A6 /* Assets.xcassets */ = {isa = PBXFileReference; lastKnownFileType = folder.assetcatalog; path = Assets.xcassets; sourceTree = "<group>"; };
		08ED8A54276A694E0072C7A6 /* Base */ = {isa = PBXFileReference; lastKnownFileType = file.storyboard; name = Base; path = Base.lproj/LaunchScreen.storyboard; sourceTree = "<group>"; };
		08ED8A56276A694E0072C7A6 /* Info.plist */ = {isa = PBXFileReference; lastKnownFileType = text.plist.xml; path = Info.plist; sourceTree = "<group>"; };
		08ED8A5B276A69500072C7A6 /* UKUniDomainTests.xctest */ = {isa = PBXFileReference; explicitFileType = wrapper.cfbundle; includeInIndex = 0; path = UKUniDomainTests.xctest; sourceTree = BUILT_PRODUCTS_DIR; };
		08ED8A5F276A69500072C7A6 /* UKUniDomainTests.swift */ = {isa = PBXFileReference; lastKnownFileType = sourcecode.swift; path = UKUniDomainTests.swift; sourceTree = "<group>"; };
		08ED8A65276A69500072C7A6 /* UKUniDomainUITests.xctest */ = {isa = PBXFileReference; explicitFileType = wrapper.cfbundle; includeInIndex = 0; path = UKUniDomainUITests.xctest; sourceTree = BUILT_PRODUCTS_DIR; };
		08ED8A69276A69500072C7A6 /* UKUniDomainUITests.swift */ = {isa = PBXFileReference; lastKnownFileType = sourcecode.swift; path = UKUniDomainUITests.swift; sourceTree = "<group>"; };
		08ED8A6B276A69500072C7A6 /* UKUniDomainUITestsLaunchTests.swift */ = {isa = PBXFileReference; lastKnownFileType = sourcecode.swift; path = UKUniDomainUITestsLaunchTests.swift; sourceTree = "<group>"; };
		08ED8A79276A6ABD0072C7A6 /* NetworkManager.swift */ = {isa = PBXFileReference; lastKnownFileType = sourcecode.swift; path = NetworkManager.swift; sourceTree = "<group>"; };
		08ED8A7C276A6BAD0072C7A6 /* Universities.swift */ = {isa = PBXFileReference; lastKnownFileType = sourcecode.swift; path = Universities.swift; sourceTree = "<group>"; };
		08ED8A7F276B9C8C0072C7A6 /* UniversityViewModel.swift */ = {isa = PBXFileReference; lastKnownFileType = sourcecode.swift; path = UniversityViewModel.swift; sourceTree = "<group>"; };
		08ED8A81276BAE3B0072C7A6 /* UniversityTableViewCell.swift */ = {isa = PBXFileReference; lastKnownFileType = sourcecode.swift; path = UniversityTableViewCell.swift; sourceTree = "<group>"; };
		08ED8A83276BE4D10072C7A6 /* UniversityDomainViewController.swift */ = {isa = PBXFileReference; lastKnownFileType = sourcecode.swift; path = UniversityDomainViewController.swift; sourceTree = "<group>"; };
		08ED8A85276BF1BE0072C7A6 /* DomainTableViewCell.swift */ = {isa = PBXFileReference; lastKnownFileType = sourcecode.swift; path = DomainTableViewCell.swift; sourceTree = "<group>"; };
/* End PBXFileReference section */

/* Begin PBXFrameworksBuildPhase section */
		08ED8A3F276A69400072C7A6 /* Frameworks */ = {
			isa = PBXFrameworksBuildPhase;
			buildActionMask = 2147483647;
			files = (
			);
			runOnlyForDeploymentPostprocessing = 0;
		};
		08ED8A58276A69500072C7A6 /* Frameworks */ = {
			isa = PBXFrameworksBuildPhase;
			buildActionMask = 2147483647;
			files = (
			);
			runOnlyForDeploymentPostprocessing = 0;
		};
		08ED8A62276A69500072C7A6 /* Frameworks */ = {
			isa = PBXFrameworksBuildPhase;
			buildActionMask = 2147483647;
			files = (
			);
			runOnlyForDeploymentPostprocessing = 0;
		};
/* End PBXFrameworksBuildPhase section */

/* Begin PBXGroup section */
		08ED8A39276A69400072C7A6 = {
			isa = PBXGroup;
			children = (
				08ED8A44276A69400072C7A6 /* UKUniDomain */,
				08ED8A5E276A69500072C7A6 /* UKUniDomainTests */,
				08ED8A68276A69500072C7A6 /* UKUniDomainUITests */,
				08ED8A43276A69400072C7A6 /* Products */,
			);
			sourceTree = "<group>";
		};
		08ED8A43276A69400072C7A6 /* Products */ = {
			isa = PBXGroup;
			children = (
				08ED8A42276A69400072C7A6 /* UKUniDomain.app */,
				08ED8A5B276A69500072C7A6 /* UKUniDomainTests.xctest */,
				08ED8A65276A69500072C7A6 /* UKUniDomainUITests.xctest */,
			);
			name = Products;
			sourceTree = "<group>";
		};
		08ED8A44276A69400072C7A6 /* UKUniDomain */ = {
			isa = PBXGroup;
			children = (
				08ED8A7E276B9C0E0072C7A6 /* ViewModel */,
				08ED8A7B276A6AEA0072C7A6 /* Model */,
				08ED8A78276A6AA80072C7A6 /* Network */,
				08ED8A45276A69410072C7A6 /* AppDelegate.swift */,
				08ED8A47276A69410072C7A6 /* SceneDelegate.swift */,
				08ED8A49276A69410072C7A6 /* UniversityListViewController.swift */,
				08ED8A4B276A69410072C7A6 /* Main.storyboard */,
				08ED8A51276A694E0072C7A6 /* Assets.xcassets */,
				08ED8A53276A694E0072C7A6 /* LaunchScreen.storyboard */,
				08ED8A56276A694E0072C7A6 /* Info.plist */,
				08ED8A4E276A69410072C7A6 /* UKUniDomain.xcdatamodeld */,
				08ED8A81276BAE3B0072C7A6 /* UniversityTableViewCell.swift */,
				08ED8A83276BE4D10072C7A6 /* UniversityDomainViewController.swift */,
				08ED8A85276BF1BE0072C7A6 /* DomainTableViewCell.swift */,
			);
			path = UKUniDomain;
			sourceTree = "<group>";
		};
		08ED8A5E276A69500072C7A6 /* UKUniDomainTests */ = {
			isa = PBXGroup;
			children = (
				08ED8A5F276A69500072C7A6 /* UKUniDomainTests.swift */,
			);
			path = UKUniDomainTests;
			sourceTree = "<group>";
		};
		08ED8A68276A69500072C7A6 /* UKUniDomainUITests */ = {
			isa = PBXGroup;
			children = (
				08ED8A69276A69500072C7A6 /* UKUniDomainUITests.swift */,
				08ED8A6B276A69500072C7A6 /* UKUniDomainUITestsLaunchTests.swift */,
			);
			path = UKUniDomainUITests;
			sourceTree = "<group>";
		};
		08ED8A78276A6AA80072C7A6 /* Network */ = {
			isa = PBXGroup;
			children = (
				08ED8A79276A6ABD0072C7A6 /* NetworkManager.swift */,
			);
			path = Network;
			sourceTree = "<group>";
		};
		08ED8A7B276A6AEA0072C7A6 /* Model */ = {
			isa = PBXGroup;
			children = (
				08ED8A7C276A6BAD0072C7A6 /* Universities.swift */,
			);
			path = Model;
			sourceTree = "<group>";
		};
		08ED8A7E276B9C0E0072C7A6 /* ViewModel */ = {
			isa = PBXGroup;
			children = (
				08ED8A7F276B9C8C0072C7A6 /* UniversityViewModel.swift */,
			);
			path = ViewModel;
			sourceTree = "<group>";
		};
/* End PBXGroup section */

/* Begin PBXNativeTarget section */
		08ED8A41276A69400072C7A6 /* UKUniDomain */ = {
			isa = PBXNativeTarget;
			buildConfigurationList = 08ED8A6F276A69500072C7A6 /* Build configuration list for PBXNativeTarget "UKUniDomain" */;
			buildPhases = (
				08ED8A3E276A69400072C7A6 /* Sources */,
				08ED8A3F276A69400072C7A6 /* Frameworks */,
				08ED8A40276A69400072C7A6 /* Resources */,
			);
			buildRules = (
			);
			dependencies = (
			);
			name = UKUniDomain;
			productName = UKUniDomain;
			productReference = 08ED8A42276A69400072C7A6 /* UKUniDomain.app */;
			productType = "com.apple.product-type.application";
		};
		08ED8A5A276A69500072C7A6 /* UKUniDomainTests */ = {
			isa = PBXNativeTarget;
			buildConfigurationList = 08ED8A72276A69500072C7A6 /* Build configuration list for PBXNativeTarget "UKUniDomainTests" */;
			buildPhases = (
				08ED8A57276A69500072C7A6 /* Sources */,
				08ED8A58276A69500072C7A6 /* Frameworks */,
				08ED8A59276A69500072C7A6 /* Resources */,
			);
			buildRules = (
			);
			dependencies = (
				08ED8A5D276A69500072C7A6 /* PBXTargetDependency */,
			);
			name = UKUniDomainTests;
			productName = UKUniDomainTests;
			productReference = 08ED8A5B276A69500072C7A6 /* UKUniDomainTests.xctest */;
			productType = "com.apple.product-type.bundle.unit-test";
		};
		08ED8A64276A69500072C7A6 /* UKUniDomainUITests */ = {
			isa = PBXNativeTarget;
			buildConfigurationList = 08ED8A75276A69500072C7A6 /* Build configuration list for PBXNativeTarget "UKUniDomainUITests" */;
			buildPhases = (
				08ED8A61276A69500072C7A6 /* Sources */,
				08ED8A62276A69500072C7A6 /* Frameworks */,
				08ED8A63276A69500072C7A6 /* Resources */,
			);
			buildRules = (
			);
			dependencies = (
				08ED8A67276A69500072C7A6 /* PBXTargetDependency */,
			);
			name = UKUniDomainUITests;
			productName = UKUniDomainUITests;
			productReference = 08ED8A65276A69500072C7A6 /* UKUniDomainUITests.xctest */;
			productType = "com.apple.product-type.bundle.ui-testing";
		};
/* End PBXNativeTarget section */

/* Begin PBXProject section */
		08ED8A3A276A69400072C7A6 /* Project object */ = {
			isa = PBXProject;
			attributes = {
				BuildIndependentTargetsInParallel = 1;
				LastSwiftUpdateCheck = 1310;
				LastUpgradeCheck = 1310;
				TargetAttributes = {
					08ED8A41276A69400072C7A6 = {
						CreatedOnToolsVersion = 13.1;
					};
					08ED8A5A276A69500072C7A6 = {
						CreatedOnToolsVersion = 13.1;
						TestTargetID = 08ED8A41276A69400072C7A6;
					};
					08ED8A64276A69500072C7A6 = {
						CreatedOnToolsVersion = 13.1;
						TestTargetID = 08ED8A41276A69400072C7A6;
					};
				};
			};
			buildConfigurationList = 08ED8A3D276A69400072C7A6 /* Build configuration list for PBXProject "UKUniDomain" */;
			compatibilityVersion = "Xcode 13.0";
			developmentRegion = en;
			hasScannedForEncodings = 0;
			knownRegions = (
				en,
				Base,
			);
			mainGroup = 08ED8A39276A69400072C7A6;
			productRefGroup = 08ED8A43276A69400072C7A6 /* Products */;
			projectDirPath = "";
			projectRoot = "";
			targets = (
				08ED8A41276A69400072C7A6 /* UKUniDomain */,
				08ED8A5A276A69500072C7A6 /* UKUniDomainTests */,
				08ED8A64276A69500072C7A6 /* UKUniDomainUITests */,
			);
		};
/* End PBXProject section */

/* Begin PBXResourcesBuildPhase section */
		08ED8A40276A69400072C7A6 /* Resources */ = {
			isa = PBXResourcesBuildPhase;
			buildActionMask = 2147483647;
			files = (
				08ED8A55276A694E0072C7A6 /* LaunchScreen.storyboard in Resources */,
				08ED8A52276A694E0072C7A6 /* Assets.xcassets in Resources */,
				08ED8A4D276A69410072C7A6 /* Main.storyboard in Resources */,
			);
			runOnlyForDeploymentPostprocessing = 0;
		};
		08ED8A59276A69500072C7A6 /* Resources */ = {
			isa = PBXResourcesBuildPhase;
			buildActionMask = 2147483647;
			files = (
			);
			runOnlyForDeploymentPostprocessing = 0;
		};
		08ED8A63276A69500072C7A6 /* Resources */ = {
			isa = PBXResourcesBuildPhase;
			buildActionMask = 2147483647;
			files = (
			);
			runOnlyForDeploymentPostprocessing = 0;
		};
/* End PBXResourcesBuildPhase section */

/* Begin PBXSourcesBuildPhase section */
		08ED8A3E276A69400072C7A6 /* Sources */ = {
			isa = PBXSourcesBuildPhase;
			buildActionMask = 2147483647;
			files = (
				08ED8A50276A69410072C7A6 /* UKUniDomain.xcdatamodeld in Sources */,
				08ED8A84276BE4D10072C7A6 /* UniversityDomainViewController.swift in Sources */,
				08ED8A4A276A69410072C7A6 /* UniversityListViewController.swift in Sources */,
				08ED8A7A276A6ABD0072C7A6 /* NetworkManager.swift in Sources */,
				08ED8A80276B9C8C0072C7A6 /* UniversityViewModel.swift in Sources */,
				08ED8A7D276A6BAD0072C7A6 /* Universities.swift in Sources */,
				08ED8A82276BAE3B0072C7A6 /* UniversityTableViewCell.swift in Sources */,
				08ED8A46276A69410072C7A6 /* AppDelegate.swift in Sources */,
				08ED8A48276A69410072C7A6 /* SceneDelegate.swift in Sources */,
				08ED8A86276BF1BE0072C7A6 /* DomainTableViewCell.swift in Sources */,
			);
			runOnlyForDeploymentPostprocessing = 0;
		};
		08ED8A57276A69500072C7A6 /* Sources */ = {
			isa = PBXSourcesBuildPhase;
			buildActionMask = 2147483647;
			files = (
				08ED8A60276A69500072C7A6 /* UKUniDomainTests.swift in Sources */,
			);
			runOnlyForDeploymentPostprocessing = 0;
		};
		08ED8A61276A69500072C7A6 /* Sources */ = {
			isa = PBXSourcesBuildPhase;
			buildActionMask = 2147483647;
			files = (
				08ED8A6A276A69500072C7A6 /* UKUniDomainUITests.swift in Sources */,
				08ED8A6C276A69500072C7A6 /* UKUniDomainUITestsLaunchTests.swift in Sources */,
			);
			runOnlyForDeploymentPostprocessing = 0;
		};
/* End PBXSourcesBuildPhase section */

/* Begin PBXTargetDependency section */
		08ED8A5D276A69500072C7A6 /* PBXTargetDependency */ = {
			isa = PBXTargetDependency;
			target = 08ED8A41276A69400072C7A6 /* UKUniDomain */;
			targetProxy = 08ED8A5C276A69500072C7A6 /* PBXContainerItemProxy */;
		};
		08ED8A67276A69500072C7A6 /* PBXTargetDependency */ = {
			isa = PBXTargetDependency;
			target = 08ED8A41276A69400072C7A6 /* UKUniDomain */;
			targetProxy = 08ED8A66276A69500072C7A6 /* PBXContainerItemProxy */;
		};
/* End PBXTargetDependency section */

/* Begin PBXVariantGroup section */
		08ED8A4B276A69410072C7A6 /* Main.storyboard */ = {
			isa = PBXVariantGroup;
			children = (
				08ED8A4C276A69410072C7A6 /* Base */,
			);
			name = Main.storyboard;
			sourceTree = "<group>";
		};
		08ED8A53276A694E0072C7A6 /* LaunchScreen.storyboard */ = {
			isa = PBXVariantGroup;
			children = (
				08ED8A54276A694E0072C7A6 /* Base */,
			);
			name = LaunchScreen.storyboard;
			sourceTree = "<group>";
		};
/* End PBXVariantGroup section */

/* Begin XCBuildConfiguration section */
		08ED8A6D276A69500072C7A6 /* Debug */ = {
			isa = XCBuildConfiguration;
			buildSettings = {
				ALWAYS_SEARCH_USER_PATHS = NO;
				CLANG_ANALYZER_NONNULL = YES;
				CLANG_ANALYZER_NUMBER_OBJECT_CONVERSION = YES_AGGRESSIVE;
				CLANG_CXX_LANGUAGE_STANDARD = "gnu++17";
				CLANG_CXX_LIBRARY = "libc++";
				CLANG_ENABLE_MODULES = YES;
				CLANG_ENABLE_OBJC_ARC = YES;
				CLANG_ENABLE_OBJC_WEAK = YES;
				CLANG_WARN_BLOCK_CAPTURE_AUTORELEASING = YES;
				CLANG_WARN_BOOL_CONVERSION = YES;
				CLANG_WARN_COMMA = YES;
				CLANG_WARN_CONSTANT_CONVERSION = YES;
				CLANG_WARN_DEPRECATED_OBJC_IMPLEMENTATIONS = YES;
				CLANG_WARN_DIRECT_OBJC_ISA_USAGE = YES_ERROR;
				CLANG_WARN_DOCUMENTATION_COMMENTS = YES;
				CLANG_WARN_EMPTY_BODY = YES;
				CLANG_WARN_ENUM_CONVERSION = YES;
				CLANG_WARN_INFINITE_RECURSION = YES;
				CLANG_WARN_INT_CONVERSION = YES;
				CLANG_WARN_NON_LITERAL_NULL_CONVERSION = YES;
				CLANG_WARN_OBJC_IMPLICIT_RETAIN_SELF = YES;
				CLANG_WARN_OBJC_LITERAL_CONVERSION = YES;
				CLANG_WARN_OBJC_ROOT_CLASS = YES_ERROR;
				CLANG_WARN_QUOTED_INCLUDE_IN_FRAMEWORK_HEADER = YES;
				CLANG_WARN_RANGE_LOOP_ANALYSIS = YES;
				CLANG_WARN_STRICT_PROTOTYPES = YES;
				CLANG_WARN_SUSPICIOUS_MOVE = YES;
				CLANG_WARN_UNGUARDED_AVAILABILITY = YES_AGGRESSIVE;
				CLANG_WARN_UNREACHABLE_CODE = YES;
				CLANG_WARN__DUPLICATE_METHOD_MATCH = YES;
				COPY_PHASE_STRIP = NO;
				DEBUG_INFORMATION_FORMAT = dwarf;
				ENABLE_STRICT_OBJC_MSGSEND = YES;
				ENABLE_TESTABILITY = YES;
				GCC_C_LANGUAGE_STANDARD = gnu11;
				GCC_DYNAMIC_NO_PIC = NO;
				GCC_NO_COMMON_BLOCKS = YES;
				GCC_OPTIMIZATION_LEVEL = 0;
				GCC_PREPROCESSOR_DEFINITIONS = (
					"DEBUG=1",
					"$(inherited)",
				);
				GCC_WARN_64_TO_32_BIT_CONVERSION = YES;
				GCC_WARN_ABOUT_RETURN_TYPE = YES_ERROR;
				GCC_WARN_UNDECLARED_SELECTOR = YES;
				GCC_WARN_UNINITIALIZED_AUTOS = YES_AGGRESSIVE;
				GCC_WARN_UNUSED_FUNCTION = YES;
				GCC_WARN_UNUSED_VARIABLE = YES;
				IPHONEOS_DEPLOYMENT_TARGET = 15.0;
				MTL_ENABLE_DEBUG_INFO = INCLUDE_SOURCE;
				MTL_FAST_MATH = YES;
				ONLY_ACTIVE_ARCH = YES;
				SDKROOT = iphoneos;
				SWIFT_ACTIVE_COMPILATION_CONDITIONS = DEBUG;
				SWIFT_OPTIMIZATION_LEVEL = "-Onone";
			};
			name = Debug;
		};
		08ED8A6E276A69500072C7A6 /* Release */ = {
			isa = XCBuildConfiguration;
			buildSettings = {
				ALWAYS_SEARCH_USER_PATHS = NO;
				CLANG_ANALYZER_NONNULL = YES;
				CLANG_ANALYZER_NUMBER_OBJECT_CONVERSION = YES_AGGRESSIVE;
				CLANG_CXX_LANGUAGE_STANDARD = "gnu++17";
				CLANG_CXX_LIBRARY = "libc++";
				CLANG_ENABLE_MODULES = YES;
				CLANG_ENABLE_OBJC_ARC = YES;
				CLANG_ENABLE_OBJC_WEAK = YES;
				CLANG_WARN_BLOCK_CAPTURE_AUTORELEASING = YES;
				CLANG_WARN_BOOL_CONVERSION = YES;
				CLANG_WARN_COMMA = YES;
				CLANG_WARN_CONSTANT_CONVERSION = YES;
				CLANG_WARN_DEPRECATED_OBJC_IMPLEMENTATIONS = YES;
				CLANG_WARN_DIRECT_OBJC_ISA_USAGE = YES_ERROR;
				CLANG_WARN_DOCUMENTATION_COMMENTS = YES;
				CLANG_WARN_EMPTY_BODY = YES;
				CLANG_WARN_ENUM_CONVERSION = YES;
				CLANG_WARN_INFINITE_RECURSION = YES;
				CLANG_WARN_INT_CONVERSION = YES;
				CLANG_WARN_NON_LITERAL_NULL_CONVERSION = YES;
				CLANG_WARN_OBJC_IMPLICIT_RETAIN_SELF = YES;
				CLANG_WARN_OBJC_LITERAL_CONVERSION = YES;
				CLANG_WARN_OBJC_ROOT_CLASS = YES_ERROR;
				CLANG_WARN_QUOTED_INCLUDE_IN_FRAMEWORK_HEADER = YES;
				CLANG_WARN_RANGE_LOOP_ANALYSIS = YES;
				CLANG_WARN_STRICT_PROTOTYPES = YES;
				CLANG_WARN_SUSPICIOUS_MOVE = YES;
				CLANG_WARN_UNGUARDED_AVAILABILITY = YES_AGGRESSIVE;
				CLANG_WARN_UNREACHABLE_CODE = YES;
				CLANG_WARN__DUPLICATE_METHOD_MATCH = YES;
				COPY_PHASE_STRIP = NO;
				DEBUG_INFORMATION_FORMAT = "dwarf-with-dsym";
				ENABLE_NS_ASSERTIONS = NO;
				ENABLE_STRICT_OBJC_MSGSEND = YES;
				GCC_C_LANGUAGE_STANDARD = gnu11;
				GCC_NO_COMMON_BLOCKS = YES;
				GCC_WARN_64_TO_32_BIT_CONVERSION = YES;
				GCC_WARN_ABOUT_RETURN_TYPE = YES_ERROR;
				GCC_WARN_UNDECLARED_SELECTOR = YES;
				GCC_WARN_UNINITIALIZED_AUTOS = YES_AGGRESSIVE;
				GCC_WARN_UNUSED_FUNCTION = YES;
				GCC_WARN_UNUSED_VARIABLE = YES;
				IPHONEOS_DEPLOYMENT_TARGET = 15.0;
				MTL_ENABLE_DEBUG_INFO = NO;
				MTL_FAST_MATH = YES;
				SDKROOT = iphoneos;
				SWIFT_COMPILATION_MODE = wholemodule;
				SWIFT_OPTIMIZATION_LEVEL = "-O";
				VALIDATE_PRODUCT = YES;
			};
			name = Release;
		};
		08ED8A70276A69500072C7A6 /* Debug */ = {
			isa = XCBuildConfiguration;
			buildSettings = {
				ASSETCATALOG_COMPILER_APPICON_NAME = AppIcon;
				ASSETCATALOG_COMPILER_GLOBAL_ACCENT_COLOR_NAME = AccentColor;
				CODE_SIGN_STYLE = Automatic;
				CURRENT_PROJECT_VERSION = 1;
				DEVELOPMENT_TEAM = 74V987C9XK;
				GENERATE_INFOPLIST_FILE = YES;
				INFOPLIST_FILE = UKUniDomain/Info.plist;
				INFOPLIST_KEY_UIApplicationSupportsIndirectInputEvents = YES;
				INFOPLIST_KEY_UILaunchStoryboardName = LaunchScreen;
				INFOPLIST_KEY_UIMainStoryboardFile = Main;
				INFOPLIST_KEY_UISupportedInterfaceOrientations_iPad = "UIInterfaceOrientationPortrait UIInterfaceOrientationPortraitUpsideDown UIInterfaceOrientationLandscapeLeft UIInterfaceOrientationLandscapeRight";
				INFOPLIST_KEY_UISupportedInterfaceOrientations_iPhone = "UIInterfaceOrientationPortrait UIInterfaceOrientationLandscapeLeft UIInterfaceOrientationLandscapeRight";
				LD_RUNPATH_SEARCH_PATHS = (
					"$(inherited)",
					"@executable_path/Frameworks",
				);
				MARKETING_VERSION = 1.0;
				PRODUCT_BUNDLE_IDENTIFIER = TAE.UKUniDomain;
				PRODUCT_NAME = "$(TARGET_NAME)";
				SWIFT_EMIT_LOC_STRINGS = YES;
				SWIFT_VERSION = 5.0;
				TARGETED_DEVICE_FAMILY = "1,2";
			};
			name = Debug;
		};
		08ED8A71276A69500072C7A6 /* Release */ = {
			isa = XCBuildConfiguration;
			buildSettings = {
				ASSETCATALOG_COMPILER_APPICON_NAME = AppIcon;
				ASSETCATALOG_COMPILER_GLOBAL_ACCENT_COLOR_NAME = AccentColor;
				CODE_SIGN_STYLE = Automatic;
				CURRENT_PROJECT_VERSION = 1;
				DEVELOPMENT_TEAM = 74V987C9XK;
				GENERATE_INFOPLIST_FILE = YES;
				INFOPLIST_FILE = UKUniDomain/Info.plist;
				INFOPLIST_KEY_UIApplicationSupportsIndirectInputEvents = YES;
				INFOPLIST_KEY_UILaunchStoryboardName = LaunchScreen;
				INFOPLIST_KEY_UIMainStoryboardFile = Main;
				INFOPLIST_KEY_UISupportedInterfaceOrientations_iPad = "UIInterfaceOrientationPortrait UIInterfaceOrientationPortraitUpsideDown UIInterfaceOrientationLandscapeLeft UIInterfaceOrientationLandscapeRight";
				INFOPLIST_KEY_UISupportedInterfaceOrientations_iPhone = "UIInterfaceOrientationPortrait UIInterfaceOrientationLandscapeLeft UIInterfaceOrientationLandscapeRight";
				LD_RUNPATH_SEARCH_PATHS = (
					"$(inherited)",
					"@executable_path/Frameworks",
				);
				MARKETING_VERSION = 1.0;
				PRODUCT_BUNDLE_IDENTIFIER = TAE.UKUniDomain;
				PRODUCT_NAME = "$(TARGET_NAME)";
				SWIFT_EMIT_LOC_STRINGS = YES;
				SWIFT_VERSION = 5.0;
				TARGETED_DEVICE_FAMILY = "1,2";
			};
			name = Release;
		};
		08ED8A73276A69500072C7A6 /* Debug */ = {
			isa = XCBuildConfiguration;
			buildSettings = {
				ALWAYS_EMBED_SWIFT_STANDARD_LIBRARIES = YES;
				BUNDLE_LOADER = "$(TEST_HOST)";
				CODE_SIGN_STYLE = Automatic;
				CURRENT_PROJECT_VERSION = 1;
				DEVELOPMENT_TEAM = 74V987C9XK;
				GENERATE_INFOPLIST_FILE = YES;
				IPHONEOS_DEPLOYMENT_TARGET = 15.0;
				LD_RUNPATH_SEARCH_PATHS = (
					"$(inherited)",
					"@executable_path/Frameworks",
					"@loader_path/Frameworks",
				);
				MARKETING_VERSION = 1.0;
				PRODUCT_BUNDLE_IDENTIFIER = TAE.UKUniDomainTests;
				PRODUCT_NAME = "$(TARGET_NAME)";
				SWIFT_EMIT_LOC_STRINGS = NO;
				SWIFT_VERSION = 5.0;
				TARGETED_DEVICE_FAMILY = "1,2";
				TEST_HOST = "$(BUILT_PRODUCTS_DIR)/UKUniDomain.app/UKUniDomain";
			};
			name = Debug;
		};
		08ED8A74276A69500072C7A6 /* Release */ = {
			isa = XCBuildConfiguration;
			buildSettings = {
				ALWAYS_EMBED_SWIFT_STANDARD_LIBRARIES = YES;
				BUNDLE_LOADER = "$(TEST_HOST)";
				CODE_SIGN_STYLE = Automatic;
				CURRENT_PROJECT_VERSION = 1;
				DEVELOPMENT_TEAM = 74V987C9XK;
				GENERATE_INFOPLIST_FILE = YES;
				IPHONEOS_DEPLOYMENT_TARGET = 15.0;
				LD_RUNPATH_SEARCH_PATHS = (
					"$(inherited)",
					"@executable_path/Frameworks",
					"@loader_path/Frameworks",
				);
				MARKETING_VERSION = 1.0;
				PRODUCT_BUNDLE_IDENTIFIER = TAE.UKUniDomainTests;
				PRODUCT_NAME = "$(TARGET_NAME)";
				SWIFT_EMIT_LOC_STRINGS = NO;
				SWIFT_VERSION = 5.0;
				TARGETED_DEVICE_FAMILY = "1,2";
				TEST_HOST = "$(BUILT_PRODUCTS_DIR)/UKUniDomain.app/UKUniDomain";
			};
			name = Release;
		};
		08ED8A76276A69500072C7A6 /* Debug */ = {
			isa = XCBuildConfiguration;
			buildSettings = {
				ALWAYS_EMBED_SWIFT_STANDARD_LIBRARIES = YES;
				CODE_SIGN_STYLE = Automatic;
				CURRENT_PROJECT_VERSION = 1;
				DEVELOPMENT_TEAM = 74V987C9XK;
				GENERATE_INFOPLIST_FILE = YES;
				LD_RUNPATH_SEARCH_PATHS = (
					"$(inherited)",
					"@executable_path/Frameworks",
					"@loader_path/Frameworks",
				);
				MARKETING_VERSION = 1.0;
				PRODUCT_BUNDLE_IDENTIFIER = TAE.UKUniDomainUITests;
				PRODUCT_NAME = "$(TARGET_NAME)";
				SWIFT_EMIT_LOC_STRINGS = NO;
				SWIFT_VERSION = 5.0;
				TARGETED_DEVICE_FAMILY = "1,2";
				TEST_TARGET_NAME = UKUniDomain;
			};
			name = Debug;
		};
		08ED8A77276A69500072C7A6 /* Release */ = {
			isa = XCBuildConfiguration;
			buildSettings = {
				ALWAYS_EMBED_SWIFT_STANDARD_LIBRARIES = YES;
				CODE_SIGN_STYLE = Automatic;
				CURRENT_PROJECT_VERSION = 1;
				DEVELOPMENT_TEAM = 74V987C9XK;
				GENERATE_INFOPLIST_FILE = YES;
				LD_RUNPATH_SEARCH_PATHS = (
					"$(inherited)",
					"@executable_path/Frameworks",
					"@loader_path/Frameworks",
				);
				MARKETING_VERSION = 1.0;
				PRODUCT_BUNDLE_IDENTIFIER = TAE.UKUniDomainUITests;
				PRODUCT_NAME = "$(TARGET_NAME)";
				SWIFT_EMIT_LOC_STRINGS = NO;
				SWIFT_VERSION = 5.0;
				TARGETED_DEVICE_FAMILY = "1,2";
				TEST_TARGET_NAME = UKUniDomain;
			};
			name = Release;
		};
/* End XCBuildConfiguration section */

/* Begin XCConfigurationList section */
		08ED8A3D276A69400072C7A6 /* Build configuration list for PBXProject "UKUniDomain" */ = {
			isa = XCConfigurationList;
			buildConfigurations = (
				08ED8A6D276A69500072C7A6 /* Debug */,
				08ED8A6E276A69500072C7A6 /* Release */,
			);
			defaultConfigurationIsVisible = 0;
			defaultConfigurationName = Release;
		};
		08ED8A6F276A69500072C7A6 /* Build configuration list for PBXNativeTarget "UKUniDomain" */ = {
			isa = XCConfigurationList;
			buildConfigurations = (
				08ED8A70276A69500072C7A6 /* Debug */,
				08ED8A71276A69500072C7A6 /* Release */,
			);
			defaultConfigurationIsVisible = 0;
			defaultConfigurationName = Release;
		};
		08ED8A72276A69500072C7A6 /* Build configuration list for PBXNativeTarget "UKUniDomainTests" */ = {
			isa = XCConfigurationList;
			buildConfigurations = (
				08ED8A73276A69500072C7A6 /* Debug */,
				08ED8A74276A69500072C7A6 /* Release */,
			);
			defaultConfigurationIsVisible = 0;
			defaultConfigurationName = Release;
		};
		08ED8A75276A69500072C7A6 /* Build configuration list for PBXNativeTarget "UKUniDomainUITests" */ = {
			isa = XCConfigurationList;
			buildConfigurations = (
				08ED8A76276A69500072C7A6 /* Debug */,
				08ED8A77276A69500072C7A6 /* Release */,
			);
			defaultConfigurationIsVisible = 0;
			defaultConfigurationName = Release;
		};
/* End XCConfigurationList section */

/* Begin XCVersionGroup section */
		08ED8A4E276A69410072C7A6 /* UKUniDomain.xcdatamodeld */ = {
			isa = XCVersionGroup;
			children = (
				08ED8A4F276A69410072C7A6 /* UKUniDomain.xcdatamodel */,
			);
			currentVersion = 08ED8A4F276A69410072C7A6 /* UKUniDomain.xcdatamodel */;
			path = UKUniDomain.xcdatamodeld;
			sourceTree = "<group>";
			versionGroupType = wrapper.xcdatamodel;
		};
/* End XCVersionGroup section */
	};
	rootObject = 08ED8A3A276A69400072C7A6 /* Project object */;
}
